
Microsoft Visual Studio Solution File, Format Version 12.00
# Visual Studio Version 17
VisualStudioVersion = 17.7.34024.191
MinimumVisualStudioVersion = 10.0.40219.1
Project("{FAE04EC0-301F-11D3-BF4B-00C04F79EFBC}") = "WindowsFormsApp_examThing", "WindowsFormsApp_examThing.csproj", "{51E9417B-6B56-4CB8-9868-E229085C807E}"
EndProject
Global
	GlobalSection(SolutionConfigurationPlatforms) = preSolution
		Debug|Any CPU = Debug|Any CPU
		Release|Any CPU = Release|Any CPU
	EndGlobalSection
	GlobalSection(ProjectConfigurationPlatforms) = postSolution
		{51E9417B-6B56-4CB8-9868-E229085C807E}.Debug|Any CPU.ActiveCfg = Debug|Any CPU
		{51E9417B-6B56-4CB8-9868-E229085C807E}.Debug|Any CPU.Build.0 = Debug|Any CPU
		{51E9417B-6B56-4CB8-9868-E229085C807E}.Release|Any CPU.ActiveCfg = Release|Any CPU
		{51E9417B-6B56-4CB8-9868-E229085C807E}.Release|Any CPU.Build.0 = Release|Any CPU
	EndGlobalSection
	GlobalSection(SolutionProperties) = preSolution
		HideSolutionNode = FALSE
	EndGlobalSection
	GlobalSection(ExtensibilityGlobals) = postSolution
		SolutionGuid = {0ABC5E93-7F57-47CD-A8BE-636AC1E7D9C4}
	EndGlobalSection
EndGlobal
