
Microsoft Visual Studio Solution File, Format Version 12.00
# Visual Studio Version 17
VisualStudioVersion = 17.7.34024.191
MinimumVisualStudioVersion = 10.0.40219.1
Project("{FAE04EC0-301F-11D3-BF4B-00C04F79EFBC}") = "classes", "classes.csproj", "{E2357199-DA5D-4427-B1ED-6BF749CA85ED}"
EndProject
Global
	GlobalSection(SolutionConfigurationPlatforms) = preSolution
		Debug|Any CPU = Debug|Any CPU
		Release|Any CPU = Release|Any CPU
	EndGlobalSection
	GlobalSection(ProjectConfigurationPlatforms) = postSolution
		{E2357199-DA5D-4427-B1ED-6BF749CA85ED}.Debug|Any CPU.ActiveCfg = Debug|Any CPU
		{E2357199-DA5D-4427-B1ED-6BF749CA85ED}.Debug|Any CPU.Build.0 = Debug|Any CPU
		{E2357199-DA5D-4427-B1ED-6BF749CA85ED}.Release|Any CPU.ActiveCfg = Release|Any CPU
		{E2357199-DA5D-4427-B1ED-6BF749CA85ED}.Release|Any CPU.Build.0 = Release|Any CPU
	EndGlobalSection
	GlobalSection(SolutionProperties) = preSolution
		HideSolutionNode = FALSE
	EndGlobalSection
	GlobalSection(ExtensibilityGlobals) = postSolution
		SolutionGuid = {F7A3A597-0EDB-4489-A8F0-35068D97B210}
	EndGlobalSection
EndGlobal
