
Microsoft Visual Studio Solution File, Format Version 12.00
# Visual Studio Version 17
VisualStudioVersion = 17.7.34024.191
MinimumVisualStudioVersion = 10.0.40219.1
Project("{FAE04EC0-301F-11D3-BF4B-00C04F79EFBC}") = "ConsoleApp4", "ConsoleApp4.csproj", "{0E9E61E6-F7FE-4134-AA3C-9E60E9D3A1E3}"
EndProject
Global
	GlobalSection(SolutionConfigurationPlatforms) = preSolution
		Debug|Any CPU = Debug|Any CPU
		Release|Any CPU = Release|Any CPU
	EndGlobalSection
	GlobalSection(ProjectConfigurationPlatforms) = postSolution
		{0E9E61E6-F7FE-4134-AA3C-9E60E9D3A1E3}.Debug|Any CPU.ActiveCfg = Debug|Any CPU
		{0E9E61E6-F7FE-4134-AA3C-9E60E9D3A1E3}.Debug|Any CPU.Build.0 = Debug|Any CPU
		{0E9E61E6-F7FE-4134-AA3C-9E60E9D3A1E3}.Release|Any CPU.ActiveCfg = Release|Any CPU
		{0E9E61E6-F7FE-4134-AA3C-9E60E9D3A1E3}.Release|Any CPU.Build.0 = Release|Any CPU
	EndGlobalSection
	GlobalSection(SolutionProperties) = preSolution
		HideSolutionNode = FALSE
	EndGlobalSection
	GlobalSection(ExtensibilityGlobals) = postSolution
		SolutionGuid = {F63FD1B0-1DD4-42B2-8AB0-EE88353F9BD1}
	EndGlobalSection
EndGlobal
